
Microsoft Visual Studio Solution File, Format Version 12.00
# Visual Studio 15
VisualStudioVersion = 15.0.26403.7
MinimumVisualStudioVersion = 10.0.40219.1
Project("{FAE04EC0-301F-11D3-BF4B-00C04F79EFBC}") = "PandemicLegacy", "PandemicLegacy\PandemicLegacy.csproj", "{2DDF2FCC-E3C4-41C6-8BA1-33C066AD6EFF}"
EndProject
Project("{FAE04EC0-301F-11D3-BF4B-00C04F79EFBC}") = "PandemicLegacy.UnitTests", "PandemicLegacy.UnitTests\PandemicLegacy.UnitTests.csproj", "{879B11F4-DD10-4403-A47A-290BBC143671}"
EndProject
Global
	GlobalSection(SolutionConfigurationPlatforms) = preSolution
		Debug|Any CPU = Debug|Any CPU
		Release|Any CPU = Release|Any CPU
	EndGlobalSection
	GlobalSection(ProjectConfigurationPlatforms) = postSolution
		{2DDF2FCC-E3C4-41C6-8BA1-33C066AD6EFF}.Debug|Any CPU.ActiveCfg = Debug|Any CPU
		{2DDF2FCC-E3C4-41C6-8BA1-33C066AD6EFF}.Debug|Any CPU.Build.0 = Debug|Any CPU
		{2DDF2FCC-E3C4-41C6-8BA1-33C066AD6EFF}.Release|Any CPU.ActiveCfg = Release|Any CPU
		{2DDF2FCC-E3C4-41C6-8BA1-33C066AD6EFF}.Release|Any CPU.Build.0 = Release|Any CPU
		{879B11F4-DD10-4403-A47A-290BBC143671}.Debug|Any CPU.ActiveCfg = Debug|Any CPU
		{879B11F4-DD10-4403-A47A-290BBC143671}.Debug|Any CPU.Build.0 = Debug|Any CPU
		{879B11F4-DD10-4403-A47A-290BBC143671}.Release|Any CPU.ActiveCfg = Release|Any CPU
		{879B11F4-DD10-4403-A47A-290BBC143671}.Release|Any CPU.Build.0 = Release|Any CPU
	EndGlobalSection
	GlobalSection(SolutionProperties) = preSolution
		HideSolutionNode = FALSE
	EndGlobalSection
EndGlobal
