Microsoft Visual Studio Solution File, Format Version 12.00
# Visual Studio Version 16
VisualStudioVersion = 16.0.28729.10
MinimumVisualStudioVersion = 10.0.40219.1
Project("{9A19103F-16F7-4668-BE54-9A1E7A4F7556}") = "Game.Pandemic", "Game.Pandemic\Game.Pandemic.csproj", "{1E02100B-574F-41F9-8FB2-E42E4425E14C}"
EndProject
Project("{2150E333-8FDC-42A3-9474-1A3956D46DE8}") = "Solution Items", "Solution Items", "{4D2BE50E-13FC-40F6-9A7D-8937B10B539A}"
	ProjectSection(SolutionItems) = preProject
		.editorconfig = .editorconfig
	EndProjectSection
EndProject
Project("{FAE04EC0-301F-11D3-BF4B-00C04F79EFBC}") = "Game.Pandemic.Tests", "Game.Pandemic.Tests\Game.Pandemic.Tests.csproj", "{82F2AA47-9523-468E-8766-7041229FEA63}"
EndProject
Global
	GlobalSection(SolutionConfigurationPlatforms) = preSolution
		Debug|Any CPU = Debug|Any CPU
		Debug|x64 = Debug|x64
		Release|Any CPU = Release|Any CPU
		Release|x64 = Release|x64
	EndGlobalSection
	GlobalSection(ProjectConfigurationPlatforms) = postSolution
		{1E02100B-574F-41F9-8FB2-E42E4425E14C}.Debug|Any CPU.ActiveCfg = Debug|Any CPU
		{1E02100B-574F-41F9-8FB2-E42E4425E14C}.Debug|Any CPU.Build.0 = Debug|Any CPU
		{1E02100B-574F-41F9-8FB2-E42E4425E14C}.Debug|x64.ActiveCfg = Debug|Any CPU
		{1E02100B-574F-41F9-8FB2-E42E4425E14C}.Debug|x64.Build.0 = Debug|Any CPU
		{1E02100B-574F-41F9-8FB2-E42E4425E14C}.Release|Any CPU.ActiveCfg = Release|Any CPU
		{1E02100B-574F-41F9-8FB2-E42E4425E14C}.Release|Any CPU.Build.0 = Release|Any CPU
		{1E02100B-574F-41F9-8FB2-E42E4425E14C}.Release|x64.ActiveCfg = Release|Any CPU
		{1E02100B-574F-41F9-8FB2-E42E4425E14C}.Release|x64.Build.0 = Release|Any CPU
		{82F2AA47-9523-468E-8766-7041229FEA63}.Debug|Any CPU.ActiveCfg = Debug|Any CPU
		{82F2AA47-9523-468E-8766-7041229FEA63}.Debug|Any CPU.Build.0 = Debug|Any CPU
		{82F2AA47-9523-468E-8766-7041229FEA63}.Debug|x64.ActiveCfg = Debug|Any CPU
		{82F2AA47-9523-468E-8766-7041229FEA63}.Debug|x64.Build.0 = Debug|Any CPU
		{82F2AA47-9523-468E-8766-7041229FEA63}.Release|Any CPU.ActiveCfg = Release|Any CPU
		{82F2AA47-9523-468E-8766-7041229FEA63}.Release|Any CPU.Build.0 = Release|Any CPU
		{82F2AA47-9523-468E-8766-7041229FEA63}.Release|x64.ActiveCfg = Release|Any CPU
		{82F2AA47-9523-468E-8766-7041229FEA63}.Release|x64.Build.0 = Release|Any CPU
	EndGlobalSection
	GlobalSection(SolutionProperties) = preSolution
		HideSolutionNode = FALSE
	EndGlobalSection
	GlobalSection(ExtensibilityGlobals) = postSolution
		SolutionGuid = {43EFAD9F-6210-4EED-897B-27B64ABE9D69}
	EndGlobalSection
EndGlobal
